
Microsoft Visual Studio Solution File, Format Version 12.00
# Visual Studio Version 16
VisualStudioVersion = 16.0.34601.136
MinimumVisualStudioVersion = 10.0.40219.1
Project("{8BC9CEB8-8B4A-11D0-8D11-00A0C91BC942}") = "L03 - Ordenación por selección", "L03 - Ordenación por selección\L03 - Ordenación por selección.vcxproj", "{0BA27331-11DF-417B-8E0C-9641900C280A}"
EndProject
Global
	GlobalSection(SolutionConfigurationPlatforms) = preSolution
		Debug|x64 = Debug|x64
		Debug|x86 = Debug|x86
		Release|x64 = Release|x64
		Release|x86 = Release|x86
	EndGlobalSection
	GlobalSection(ProjectConfigurationPlatforms) = postSolution
		{0BA27331-11DF-417B-8E0C-9641900C280A}.Debug|x64.ActiveCfg = Debug|x64
		{0BA27331-11DF-417B-8E0C-9641900C280A}.Debug|x64.Build.0 = Debug|x64
		{0BA27331-11DF-417B-8E0C-9641900C280A}.Debug|x86.ActiveCfg = Debug|Win32
		{0BA27331-11DF-417B-8E0C-9641900C280A}.Debug|x86.Build.0 = Debug|Win32
		{0BA27331-11DF-417B-8E0C-9641900C280A}.Release|x64.ActiveCfg = Release|x64
		{0BA27331-11DF-417B-8E0C-9641900C280A}.Release|x64.Build.0 = Release|x64
		{0BA27331-11DF-417B-8E0C-9641900C280A}.Release|x86.ActiveCfg = Release|Win32
		{0BA27331-11DF-417B-8E0C-9641900C280A}.Release|x86.Build.0 = Release|Win32
	EndGlobalSection
	GlobalSection(SolutionProperties) = preSolution
		HideSolutionNode = FALSE
	EndGlobalSection
	GlobalSection(ExtensibilityGlobals) = postSolution
		SolutionGuid = {163F2BB3-3E38-48E8-B070-327F700E8D5B}
	EndGlobalSection
EndGlobal
